
Microsoft Visual Studio Solution File, Format Version 12.00
# Visual Studio 15
VisualStudioVersion = 15.0.27130.2027
MinimumVisualStudioVersion = 10.0.40219.1
Project("{9A19103F-16F7-4668-BE54-9A1E7A4F7556}") = "ITM", "ITM\ITM.csproj", "{231C97C8-D980-4378-8AD7-DB69ED21F84D}"
EndProject
Project("{FAE04EC0-301F-11D3-BF4B-00C04F79EFBC}") = "ITM.Android", "ITM.Android\ITM.Android.csproj", "{307AB12E-BEC2-439E-8C21-39DAD8E5D16D}"
EndProject
Project("{8BC9CEB8-8B4A-11D0-8D11-00A0C91BC942}") = "ITMCore", "ITMCore\ITMCore.vcxproj", "{099CB508-8344-48BF-B9A1-C109503520F5}"
EndProject
Project("{8BC9CEB8-8B4A-11D0-8D11-00A0C91BC942}") = "ITMConsole", "ITMConsole\ITMConsole.vcxproj", "{E7B4742C-DCA2-43A8-BCE8-8D5A6388512B}"
EndProject
Project("{2150E333-8FDC-42A3-9474-1A3956D46DE8}") = "Android", "Android", "{83886BC8-8D7A-4DFD-892E-4F5C81067877}"
EndProject
Project("{2150E333-8FDC-42A3-9474-1A3956D46DE8}") = "PC", "PC", "{85DCAE8E-8981-447F-9402-0037249712C1}"
EndProject
Project("{8BC9CEB8-8B4A-11D0-8D11-00A0C91BC942}") = "ITMWave", "ITMWave\ITMWave.vcxproj", "{2B602CA4-D63E-4824-9743-D800B79E160A}"
EndProject
Global
	GlobalSection(SolutionConfigurationPlatforms) = preSolution
		Debug|ARM = Debug|ARM
		Debug|ARM64 = Debug|ARM64
		Debug|x64 = Debug|x64
		Debug|x86 = Debug|x86
		Release|ARM = Release|ARM
		Release|ARM64 = Release|ARM64
		Release|x64 = Release|x64
		Release|x86 = Release|x86
	EndGlobalSection
	GlobalSection(ProjectConfigurationPlatforms) = postSolution
		{231C97C8-D980-4378-8AD7-DB69ED21F84D}.Debug|ARM.ActiveCfg = Debug|Any CPU
		{231C97C8-D980-4378-8AD7-DB69ED21F84D}.Debug|ARM.Build.0 = Debug|Any CPU
		{231C97C8-D980-4378-8AD7-DB69ED21F84D}.Debug|ARM64.ActiveCfg = Debug|Any CPU
		{231C97C8-D980-4378-8AD7-DB69ED21F84D}.Debug|ARM64.Build.0 = Debug|Any CPU
		{231C97C8-D980-4378-8AD7-DB69ED21F84D}.Debug|x64.ActiveCfg = Debug|Any CPU
		{231C97C8-D980-4378-8AD7-DB69ED21F84D}.Debug|x64.Build.0 = Debug|Any CPU
		{231C97C8-D980-4378-8AD7-DB69ED21F84D}.Debug|x86.ActiveCfg = Debug|x86
		{231C97C8-D980-4378-8AD7-DB69ED21F84D}.Debug|x86.Build.0 = Debug|x86
		{231C97C8-D980-4378-8AD7-DB69ED21F84D}.Release|ARM.ActiveCfg = Release|Any CPU
		{231C97C8-D980-4378-8AD7-DB69ED21F84D}.Release|ARM.Build.0 = Release|Any CPU
		{231C97C8-D980-4378-8AD7-DB69ED21F84D}.Release|ARM64.ActiveCfg = Release|Any CPU
		{231C97C8-D980-4378-8AD7-DB69ED21F84D}.Release|ARM64.Build.0 = Release|Any CPU
		{231C97C8-D980-4378-8AD7-DB69ED21F84D}.Release|x64.ActiveCfg = Release|Any CPU
		{231C97C8-D980-4378-8AD7-DB69ED21F84D}.Release|x64.Build.0 = Release|Any CPU
		{231C97C8-D980-4378-8AD7-DB69ED21F84D}.Release|x86.ActiveCfg = Release|x86
		{231C97C8-D980-4378-8AD7-DB69ED21F84D}.Release|x86.Build.0 = Release|x86
		{307AB12E-BEC2-439E-8C21-39DAD8E5D16D}.Debug|ARM.ActiveCfg = Debug|Any CPU
		{307AB12E-BEC2-439E-8C21-39DAD8E5D16D}.Debug|ARM.Build.0 = Debug|Any CPU
		{307AB12E-BEC2-439E-8C21-39DAD8E5D16D}.Debug|ARM.Deploy.0 = Debug|Any CPU
		{307AB12E-BEC2-439E-8C21-39DAD8E5D16D}.Debug|ARM64.ActiveCfg = Debug|Any CPU
		{307AB12E-BEC2-439E-8C21-39DAD8E5D16D}.Debug|ARM64.Build.0 = Debug|Any CPU
		{307AB12E-BEC2-439E-8C21-39DAD8E5D16D}.Debug|ARM64.Deploy.0 = Debug|Any CPU
		{307AB12E-BEC2-439E-8C21-39DAD8E5D16D}.Debug|x64.ActiveCfg = Debug|Any CPU
		{307AB12E-BEC2-439E-8C21-39DAD8E5D16D}.Debug|x64.Build.0 = Debug|Any CPU
		{307AB12E-BEC2-439E-8C21-39DAD8E5D16D}.Debug|x64.Deploy.0 = Debug|Any CPU
		{307AB12E-BEC2-439E-8C21-39DAD8E5D16D}.Debug|x86.ActiveCfg = Debug|x86
		{307AB12E-BEC2-439E-8C21-39DAD8E5D16D}.Debug|x86.Build.0 = Debug|x86
		{307AB12E-BEC2-439E-8C21-39DAD8E5D16D}.Debug|x86.Deploy.0 = Debug|x86
		{307AB12E-BEC2-439E-8C21-39DAD8E5D16D}.Release|ARM.ActiveCfg = Release|Any CPU
		{307AB12E-BEC2-439E-8C21-39DAD8E5D16D}.Release|ARM.Build.0 = Release|Any CPU
		{307AB12E-BEC2-439E-8C21-39DAD8E5D16D}.Release|ARM.Deploy.0 = Release|Any CPU
		{307AB12E-BEC2-439E-8C21-39DAD8E5D16D}.Release|ARM64.ActiveCfg = Release|Any CPU
		{307AB12E-BEC2-439E-8C21-39DAD8E5D16D}.Release|ARM64.Build.0 = Release|Any CPU
		{307AB12E-BEC2-439E-8C21-39DAD8E5D16D}.Release|ARM64.Deploy.0 = Release|Any CPU
		{307AB12E-BEC2-439E-8C21-39DAD8E5D16D}.Release|x64.ActiveCfg = Release|Any CPU
		{307AB12E-BEC2-439E-8C21-39DAD8E5D16D}.Release|x64.Build.0 = Release|Any CPU
		{307AB12E-BEC2-439E-8C21-39DAD8E5D16D}.Release|x64.Deploy.0 = Release|Any CPU
		{307AB12E-BEC2-439E-8C21-39DAD8E5D16D}.Release|x86.ActiveCfg = Release|x86
		{307AB12E-BEC2-439E-8C21-39DAD8E5D16D}.Release|x86.Build.0 = Release|x86
		{307AB12E-BEC2-439E-8C21-39DAD8E5D16D}.Release|x86.Deploy.0 = Release|x86
		{099CB508-8344-48BF-B9A1-C109503520F5}.Debug|ARM.ActiveCfg = Debug|ARM
		{099CB508-8344-48BF-B9A1-C109503520F5}.Debug|ARM.Build.0 = Debug|ARM
		{099CB508-8344-48BF-B9A1-C109503520F5}.Debug|ARM64.ActiveCfg = Debug|ARM64
		{099CB508-8344-48BF-B9A1-C109503520F5}.Debug|ARM64.Build.0 = Debug|ARM64
		{099CB508-8344-48BF-B9A1-C109503520F5}.Debug|x64.ActiveCfg = Debug|x86
		{099CB508-8344-48BF-B9A1-C109503520F5}.Debug|x86.ActiveCfg = Debug|x86
		{099CB508-8344-48BF-B9A1-C109503520F5}.Debug|x86.Build.0 = Debug|x86
		{099CB508-8344-48BF-B9A1-C109503520F5}.Release|ARM.ActiveCfg = Release|ARM
		{099CB508-8344-48BF-B9A1-C109503520F5}.Release|ARM.Build.0 = Release|ARM
		{099CB508-8344-48BF-B9A1-C109503520F5}.Release|ARM64.ActiveCfg = Release|ARM64
		{099CB508-8344-48BF-B9A1-C109503520F5}.Release|ARM64.Build.0 = Release|ARM64
		{099CB508-8344-48BF-B9A1-C109503520F5}.Release|x64.ActiveCfg = Release|x86
		{099CB508-8344-48BF-B9A1-C109503520F5}.Release|x86.ActiveCfg = Release|x86
		{099CB508-8344-48BF-B9A1-C109503520F5}.Release|x86.Build.0 = Release|x86
		{E7B4742C-DCA2-43A8-BCE8-8D5A6388512B}.Debug|ARM.ActiveCfg = Debug|Win32
		{E7B4742C-DCA2-43A8-BCE8-8D5A6388512B}.Debug|ARM64.ActiveCfg = Debug|Win32
		{E7B4742C-DCA2-43A8-BCE8-8D5A6388512B}.Debug|x64.ActiveCfg = Debug|x64
		{E7B4742C-DCA2-43A8-BCE8-8D5A6388512B}.Debug|x64.Build.0 = Debug|x64
		{E7B4742C-DCA2-43A8-BCE8-8D5A6388512B}.Debug|x86.ActiveCfg = Debug|Win32
		{E7B4742C-DCA2-43A8-BCE8-8D5A6388512B}.Debug|x86.Build.0 = Debug|Win32
		{E7B4742C-DCA2-43A8-BCE8-8D5A6388512B}.Release|ARM.ActiveCfg = Release|Win32
		{E7B4742C-DCA2-43A8-BCE8-8D5A6388512B}.Release|ARM64.ActiveCfg = Release|Win32
		{E7B4742C-DCA2-43A8-BCE8-8D5A6388512B}.Release|x64.ActiveCfg = Release|x64
		{E7B4742C-DCA2-43A8-BCE8-8D5A6388512B}.Release|x64.Build.0 = Release|x64
		{E7B4742C-DCA2-43A8-BCE8-8D5A6388512B}.Release|x86.ActiveCfg = Release|Win32
		{E7B4742C-DCA2-43A8-BCE8-8D5A6388512B}.Release|x86.Build.0 = Release|Win32
		{2B602CA4-D63E-4824-9743-D800B79E160A}.Debug|ARM.ActiveCfg = Debug|Win32
		{2B602CA4-D63E-4824-9743-D800B79E160A}.Debug|ARM64.ActiveCfg = Debug|Win32
		{2B602CA4-D63E-4824-9743-D800B79E160A}.Debug|x64.ActiveCfg = Debug|x64
		{2B602CA4-D63E-4824-9743-D800B79E160A}.Debug|x64.Build.0 = Debug|x64
		{2B602CA4-D63E-4824-9743-D800B79E160A}.Debug|x86.ActiveCfg = Debug|Win32
		{2B602CA4-D63E-4824-9743-D800B79E160A}.Debug|x86.Build.0 = Debug|Win32
		{2B602CA4-D63E-4824-9743-D800B79E160A}.Release|ARM.ActiveCfg = Release|Win32
		{2B602CA4-D63E-4824-9743-D800B79E160A}.Release|ARM64.ActiveCfg = Release|Win32
		{2B602CA4-D63E-4824-9743-D800B79E160A}.Release|x64.ActiveCfg = Release|x64
		{2B602CA4-D63E-4824-9743-D800B79E160A}.Release|x64.Build.0 = Release|x64
		{2B602CA4-D63E-4824-9743-D800B79E160A}.Release|x86.ActiveCfg = Release|Win32
		{2B602CA4-D63E-4824-9743-D800B79E160A}.Release|x86.Build.0 = Release|Win32
	EndGlobalSection
	GlobalSection(SolutionProperties) = preSolution
		HideSolutionNode = FALSE
	EndGlobalSection
	GlobalSection(NestedProjects) = preSolution
		{231C97C8-D980-4378-8AD7-DB69ED21F84D} = {83886BC8-8D7A-4DFD-892E-4F5C81067877}
		{307AB12E-BEC2-439E-8C21-39DAD8E5D16D} = {83886BC8-8D7A-4DFD-892E-4F5C81067877}
		{099CB508-8344-48BF-B9A1-C109503520F5} = {83886BC8-8D7A-4DFD-892E-4F5C81067877}
		{E7B4742C-DCA2-43A8-BCE8-8D5A6388512B} = {85DCAE8E-8981-447F-9402-0037249712C1}
		{2B602CA4-D63E-4824-9743-D800B79E160A} = {85DCAE8E-8981-447F-9402-0037249712C1}
	EndGlobalSection
	GlobalSection(ExtensibilityGlobals) = postSolution
		SolutionGuid = {E9A4E9DE-DD63-49E2-A5DF-6D25A7E8DFB3}
	EndGlobalSection
EndGlobal
