<?xml version="1.0" encoding="utf-8"?>
<Project ToolsVersion="4.0" xmlns="http://schemas.microsoft.com/developer/msbuild/2003">
  <ItemGroup>
    <ClCompile Include="ColorHelper.cpp" />
    <ClCompile Include="ITMCore.cpp" />
    <ClCompile Include="MidiHelper.cpp" />
    <ClCompile Include="ITM.cpp" />
  </ItemGroup>
  <ItemGroup>
    <ClInclude Include="ColorHelper.h" />
    <ClInclude Include="ITMCore.h" />
    <ClInclude Include="MidiHelper.h" />
    <ClInclude Include="pch.h" />
  </ItemGroup>
</Project>